Microsoft Visual Studio Solution File, Format Version 12.00
# Visual Studio Version 17
VisualStudioVersion = 17.0.31611.283
MinimumVisualStudioVersion = 10.0.40219.1
Project("{FAE04EC0-301F-11D3-BF4B-00C04F79EFBC}") = "EventModular.Server.AppHost", "src\Server\EventModular.Server.AppHost\EventModular.Server.AppHost.csproj", "{C1CACA9D-8E95-5A02-3E37-37CE607581A3}"
EndProject
Project("{9A19103F-16F7-4668-BE54-9A1E7A4F7556}") = "EventModular.Server.Web", "src\Server\EventModular.Server.Web\EventModular.Server.Web.csproj", "{8CC3E410-B716-4F4D-89C7-3392CA624439}"
EndProject
Project("{FAE04EC0-301F-11D3-BF4B-00C04F79EFBC}") = "EventModular.Server.Shared", "src\Server\EventModular.Server.Shared\EventModular.Server.Shared.csproj", "{AA97E5DE-1021-2739-ED90-9EDEEAEB5CA2}"
EndProject
Project("{2150E333-8FDC-42A3-9474-1A3956D46DE8}") = ".SolutionItems", ".SolutionItems", "{5CF43F76-BB71-4B5B-B4DF-1C753E042A8F}"
	ProjectSection(SolutionItems) = preProject
		.editorconfig = .editorconfig
		.gitignore = .gitignore
		.vsconfig = .vsconfig
		Bit.ResxTranslator.json = Bit.ResxTranslator.json
		Clean.bat = Clean.bat
		src\Directory.Build.props = src\Directory.Build.props
		src\Directory.Packages.props = src\Directory.Packages.props
		global.json = global.json
		README.md = README.md
		settings.VisualStudio.json = settings.VisualStudio.json
	EndProjectSection
EndProject
Project("{2150E333-8FDC-42A3-9474-1A3956D46DE8}") = "Client", "Client", "{248D8229-BABD-4F0A-A9C6-0417B464507B}"
EndProject
Project("{9A19103F-16F7-4668-BE54-9A1E7A4F7556}") = "EventModular.Shared", "src\Shared\EventModular.Shared.csproj", "{26430D8C-32CB-4142-AC1A-33486A58DA01}"
EndProject
Project("{9A19103F-16F7-4668-BE54-9A1E7A4F7556}") = "EventModular.Client.Core", "src\Client\EventModular.Client.Core\EventModular.Client.Core.csproj", "{FC60C68D-8E8D-494B-8D60-0C8D83A472E7}"
EndProject
Project("{9A19103F-16F7-4668-BE54-9A1E7A4F7556}") = "EventModular.Client.Web", "src\Client\EventModular.Client.Web\EventModular.Client.Web.csproj", "{13D6A40B-8B8B-41F0-AB62-3F5F1CB58A1B}"
EndProject
Project("{9A19103F-16F7-4668-BE54-9A1E7A4F7556}") = "EventModular.Client.Maui", "src\Client\EventModular.Client.Maui\EventModular.Client.Maui.csproj", "{22816913-64D5-4AE8-9B34-6F188B71FAD1}"
EndProject
Project("{2150E333-8FDC-42A3-9474-1A3956D46DE8}") = ".github", ".github", "{3E577755-186F-4E63-8153-B8DE890015C9}"
	ProjectSection(SolutionItems) = preProject
		.github\copilot-instructions.md = .github\copilot-instructions.md
	EndProjectSection
EndProject
Project("{2150E333-8FDC-42A3-9474-1A3956D46DE8}") = "workflows", "workflows", "{2347E3B2-FDDE-427E-A0AE-E4DCD47C2989}"
	ProjectSection(SolutionItems) = preProject
		.github\workflows\cd.yml = .github\workflows\cd.yml
		.github\workflows\ci.yml = .github\workflows\ci.yml
	EndProjectSection
EndProject
Project("{9A19103F-16F7-4668-BE54-9A1E7A4F7556}") = "EventModular.Client.Windows", "src\Client\EventModular.Client.Windows\EventModular.Client.Windows.csproj", "{E3CB3C34-F5DE-4A96-B552-7D52BCAD1E1F}"
EndProject
Project("{9A19103F-16F7-4668-BE54-9A1E7A4F7556}") = "EventModular.Server.Api", "src\Server\EventModular.Server.Api\EventModular.Server.Api.csproj", "{3D93B170-BDCD-4890-92B3-F5ABE48F3D3A}"
EndProject
Project("{2150E333-8FDC-42A3-9474-1A3956D46DE8}") = "Server", "Server", "{723683EA-193C-45FD-A64D-7830A2867E4F}"
EndProject
Project("{2150E333-8FDC-42A3-9474-1A3956D46DE8}") = "Shared", "Shared", "{EAB56593-7B10-4CC4-A3B8-E62ACDD1E6DD}"
EndProject
Project("{2150E333-8FDC-42A3-9474-1A3956D46DE8}") = "Tests", "Tests", "{B38FF18E-11BC-4AF6-8FA3-648B3952DCAF}"
EndProject
Project("{9A19103F-16F7-4668-BE54-9A1E7A4F7556}") = "EventModular.Tests", "src\Tests\EventModular.Tests.csproj", "{47F82CD8-D6DA-4F03-9DD6-F67AF3621C93}"
EndProject
Project("{2150E333-8FDC-42A3-9474-1A3956D46DE8}") = "Modules", "Modules", "{02EA681E-C7D8-13C7-8484-4AC65E1B71E8}"
EndProject
Project("{2150E333-8FDC-42A3-9474-1A3956D46DE8}") = "Organizer", "Organizer", "{186655F1-521C-4096-8485-809083826AB8}"
EndProject
Project("{FAE04EC0-301F-11D3-BF4B-00C04F79EFBC}") = "EventModular.Server.Modules.Organizer.Api", "src\Server\Modules\Organizer\EventModular.Server.Modules.Organizer.Api\EventModular.Server.Modules.Organizer.Api.csproj", "{28635DAD-69E5-4F8E-86B5-E8BE47160BD7}"
EndProject
Project("{FAE04EC0-301F-11D3-BF4B-00C04F79EFBC}") = "EventModular.Server.Modules.Organizer.Application", "src\Server\Modules\Organizer\EventModular.Server.Modules.Organizer.Application\EventModular.Server.Modules.Organizer.Application.csproj", "{98070050-2FDA-49C1-8FA8-0E74D264BCEC}"
EndProject
Project("{FAE04EC0-301F-11D3-BF4B-00C04F79EFBC}") = "EventModular.Server.Modules.Organizer.Domain", "src\Server\Modules\Organizer\EventModular.Server.Modules.Organizer.Domain\EventModular.Server.Modules.Organizer.Domain.csproj", "{E8BCB071-E22B-4532-9DC9-2E762DAD6585}"
EndProject
Project("{FAE04EC0-301F-11D3-BF4B-00C04F79EFBC}") = "EventModular.Server.Modules.Organizer.Infrastructure", "src\Server\Modules\Organizer\EventModular.Server.Modules.Organizer.Infrastructure\EventModular.Server.Modules.Organizer.Infrastructure.csproj", "{ECFA61CD-84D8-4F15-828D-63CED7AF8190}"
EndProject
Project("{2150E333-8FDC-42A3-9474-1A3956D46DE8}") = "Events", "Events", "{E08DE4A0-3AA1-44C3-96E8-396ED27A349B}"
EndProject
Project("{FAE04EC0-301F-11D3-BF4B-00C04F79EFBC}") = "EventModular.Server.Modules.Events.Api", "src\Server\Modules\Events\EventModular.Server.Modules.Events.Api\EventModular.Server.Modules.Events.Api.csproj", "{166B315B-8EA5-4E66-A28C-A74BD2EB199A}"
EndProject
Project("{FAE04EC0-301F-11D3-BF4B-00C04F79EFBC}") = "EventModular.Server.Modules.Events.Application", "src\Server\Modules\Events\EventModular.Server.Modules.Events.Application\EventModular.Server.Modules.Events.Application.csproj", "{0EBE492E-0454-4931-8314-048398E54EB5}"
EndProject
Project("{FAE04EC0-301F-11D3-BF4B-00C04F79EFBC}") = "EventModular.Server.Modules.Events.Domain", "src\Server\Modules\Events\EventModular.Server.Modules.Events.Domain\EventModular.Server.Modules.Events.Domain.csproj", "{0E08CE6F-8CF5-43D8-9F5A-E75F582CF88E}"
EndProject
Project("{FAE04EC0-301F-11D3-BF4B-00C04F79EFBC}") = "EventModular.Server.Modules.Events.Infrastructure", "src\Server\Modules\Events\EventModular.Server.Modules.Events.Infrastructure\EventModular.Server.Modules.Events.Infrastructure.csproj", "{8590D8E7-EAB9-4FB6-8190-A14E1B8F3F93}"
EndProject
Project("{2150E333-8FDC-42A3-9474-1A3956D46DE8}") = "Categories", "Categories", "{CCD4CA6A-5539-49E4-9497-28979EED28E6}"
EndProject
Project("{FAE04EC0-301F-11D3-BF4B-00C04F79EFBC}") = "EventModular.Server.Modules.Categories.Api", "src\Server\Modules\Categories\EventModular.Server.Modules.Categories.Api\EventModular.Server.Modules.Categories.Api.csproj", "{1DC54346-1E9D-47E0-8BF6-64E4213304EE}"
EndProject
Project("{FAE04EC0-301F-11D3-BF4B-00C04F79EFBC}") = "EventModular.Server.Modules.Categories.Application", "src\Server\Modules\Categories\EventModular.Server.Modules.Categories.Application\EventModular.Server.Modules.Categories.Application.csproj", "{053EB781-0B50-4705-AE72-75E732B8E4CC}"
EndProject
Project("{FAE04EC0-301F-11D3-BF4B-00C04F79EFBC}") = "EventModular.Server.Modules.Categories.Infrastructure", "src\Server\Modules\Categories\EventModular.Server.Modules.Categories.Infrastructure\EventModular.Server.Modules.Categories.Infrastructure.csproj", "{B2F3E334-A9D5-4D67-AABE-4B509EA49306}"
EndProject
Project("{FAE04EC0-301F-11D3-BF4B-00C04F79EFBC}") = "EventModular.Server.Modules.Categories.Domain", "src\Server\Modules\Categories\EventModular.Server.Modules.Categories.Domain\EventModular.Server.Modules.Categories.Domain.csproj", "{1B48C0E1-9ADC-43CB-9585-DF2D3C76C23E}"
EndProject
Project("{2150E333-8FDC-42A3-9474-1A3956D46DE8}") = "Comments", "Comments", "{BA682588-BF2D-4443-9784-788EFBCDDDE3}"
EndProject
Project("{FAE04EC0-301F-11D3-BF4B-00C04F79EFBC}") = "EventModular.Server.Modules.Comments.Application", "src\Server\Modules\Comments\EventModular.Server.Modules.Comments.Application\EventModular.Server.Modules.Comments.Application.csproj", "{C093F7A7-A3C9-4A43-9982-4CE7640DD2A1}"
EndProject
Project("{FAE04EC0-301F-11D3-BF4B-00C04F79EFBC}") = "EventModular.Server.Modules.Comments.Api", "src\Server\Modules\Comments\EventModular.Server.Modules.Comments.Api\EventModular.Server.Modules.Comments.Api.csproj", "{881D1791-0745-43D7-A0E7-1D6A208C5ED2}"
EndProject
Project("{FAE04EC0-301F-11D3-BF4B-00C04F79EFBC}") = "EventModular.Server.Modules.Comments.Domain", "src\Server\Modules\Comments\EventModular.Server.Modules.Comments.Domain\EventModular.Server.Modules.Comments.Domain.csproj", "{1E990368-CAF0-4D8D-9D3B-D827624FC3E1}"
EndProject
Project("{FAE04EC0-301F-11D3-BF4B-00C04F79EFBC}") = "EventModular.Server.Modules.Comments.Infrastructure", "src\Server\Modules\Comments\EventModular.Server.Modules.Comments.Infrastructure\EventModular.Server.Modules.Comments.Infrastructure.csproj", "{7810D0A6-5150-4748-AE0D-67CC2CCCAAFB}"
EndProject
Project("{2150E333-8FDC-42A3-9474-1A3956D46DE8}") = "Posts", "Posts", "{73D36295-DCF3-4648-8DB0-E7D565C04C66}"
EndProject
Project("{FAE04EC0-301F-11D3-BF4B-00C04F79EFBC}") = "EventModular.Server.Modules.Posts.Api", "src\Server\Modules\Posts\EventModular.Server.Modules.Posts.Api\EventModular.Server.Modules.Posts.Api.csproj", "{9683FD5B-6A51-41EF-BF85-933BF535CDE4}"
EndProject
Project("{FAE04EC0-301F-11D3-BF4B-00C04F79EFBC}") = "EventModular.Server.Modules.Posts.Application", "src\Server\Modules\Posts\EventModular.Server.Modules.Posts.Application\EventModular.Server.Modules.Posts.Application.csproj", "{B82E45D8-0117-4909-8E8E-012A0234CC86}"
EndProject
Project("{FAE04EC0-301F-11D3-BF4B-00C04F79EFBC}") = "EventModular.Server.Modules.Posts.Domain", "src\Server\Modules\Posts\EventModular.Server.Modules.Posts.Domain\EventModular.Server.Modules.Posts.Domain.csproj", "{497191B3-7E3C-40AF-9794-1F9EE57B6601}"
EndProject
Project("{FAE04EC0-301F-11D3-BF4B-00C04F79EFBC}") = "EventModular.Server.Modules.Posts.Infrastructure", "src\Server\Modules\Posts\EventModular.Server.Modules.Posts.Infrastructure\EventModular.Server.Modules.Posts.Infrastructure.csproj", "{A3F118FB-66ED-468F-9B71-C86069085B4D}"
EndProject
Project("{2150E333-8FDC-42A3-9474-1A3956D46DE8}") = "Subdomains", "Subdomains", "{4873B21D-1FFB-4277-95F3-2D9587AC0D73}"
EndProject
Project("{FAE04EC0-301F-11D3-BF4B-00C04F79EFBC}") = "EventModular.Server.Modules.Subdomains.Api", "src\Server\Modules\Subdomains\EventModular.Server.Modules.Subdomains.Api\EventModular.Server.Modules.Subdomains.Api.csproj", "{6A6C70E9-259D-49A5-9022-BB361CFC9E6E}"
EndProject
Project("{FAE04EC0-301F-11D3-BF4B-00C04F79EFBC}") = "EventModular.Server.Modules.Subdomains.Application", "src\Server\Modules\Subdomains\EventModular.Server.Modules.Subdomains.Application\EventModular.Server.Modules.Subdomains.Application.csproj", "{10B75F42-C1D1-4EC3-BFF7-163E82B9D6A0}"
EndProject
Project("{FAE04EC0-301F-11D3-BF4B-00C04F79EFBC}") = "EventModular.Server.Modules.Subdomains.Domain", "src\Server\Modules\Subdomains\EventModular.Server.Modules.Subdomains.Domain\EventModular.Server.Modules.Subdomains.Domain.csproj", "{DE33D9DF-0BAE-416D-880A-3E24B508F9BA}"
EndProject
Project("{FAE04EC0-301F-11D3-BF4B-00C04F79EFBC}") = "EventModular.Server.Modules.Subdomains.Infrastructure", "src\Server\Modules\Subdomains\EventModular.Server.Modules.Subdomains.Infrastructure\EventModular.Server.Modules.Subdomains.Infrastructure.csproj", "{72094B0C-338C-48A1-A34D-D0C449285A70}"
EndProject
Project("{2150E333-8FDC-42A3-9474-1A3956D46DE8}") = "AffiliateMarketing", "AffiliateMarketing", "{CA46E21B-E90E-4AFB-B815-EEDEA977001D}"
EndProject
Project("{FAE04EC0-301F-11D3-BF4B-00C04F79EFBC}") = "EventModular.Server.Modules.AffiliateMarketing.Api", "src\Server\Modules\AffiliateMarketing\EventModular.Server.Modules.AffiliateMarketing.Api\EventModular.Server.Modules.AffiliateMarketing.Api.csproj", "{7F498493-BFC8-4458-B0BF-766F01C73FBD}"
EndProject
Project("{FAE04EC0-301F-11D3-BF4B-00C04F79EFBC}") = "EventModular.Server.Modules.AffiliateMarketing.Application", "src\Server\Modules\AffiliateMarketing\EventModular.Server.Modules.AffiliateMarketing.Application\EventModular.Server.Modules.AffiliateMarketing.Application.csproj", "{1D6647BE-B69A-4A76-B344-C8A084BA49C7}"
EndProject
Project("{FAE04EC0-301F-11D3-BF4B-00C04F79EFBC}") = "EventModular.Server.Modules.AffiliateMarketing.Domain", "src\Server\Modules\AffiliateMarketing\EventModular.Server.Modules.AffiliateMarketing.Domain\EventModular.Server.Modules.AffiliateMarketing.Domain.csproj", "{646BB011-E984-4FBB-AAEF-E97C6EDC1DF4}"
EndProject
Project("{FAE04EC0-301F-11D3-BF4B-00C04F79EFBC}") = "EventModular.Server.Modules.AffiliateMarketing.Infrastructure", "src\Server\Modules\AffiliateMarketing\EventModular.Server.Modules.AffiliateMarketing.Infrastructure\EventModular.Server.Modules.AffiliateMarketing.Infrastructure.csproj", "{BF1A46B3-BC7F-46D8-995A-BB473B53634D}"
EndProject
Project("{2150E333-8FDC-42A3-9474-1A3956D46DE8}") = "Discounts", "Discounts", "{B6B12B7E-6BE9-4B3C-85FF-7E36E86FE20A}"
EndProject
Project("{FAE04EC0-301F-11D3-BF4B-00C04F79EFBC}") = "EventModular.Server.Modules.Discounts.Infrastructure", "src\Server\Modules\Discounts\EventModular.Server.Modules.Discounts.Infrastructure\EventModular.Server.Modules.Discounts.Infrastructure.csproj", "{9033D299-462C-4BD1-BCAD-66DA7E77B1F4}"
EndProject
Project("{FAE04EC0-301F-11D3-BF4B-00C04F79EFBC}") = "EventModular.Server.Modules.Discounts.Application", "src\Server\Modules\Discounts\EventModular.Server.Modules.Discounts.Application\EventModular.Server.Modules.Discounts.Application.csproj", "{A715D50E-5FA4-45A6-88AF-0B1D9DB4F450}"
EndProject
Project("{FAE04EC0-301F-11D3-BF4B-00C04F79EFBC}") = "EventModular.Server.Modules.Discounts.Domain", "src\Server\Modules\Discounts\EventModular.Server.Modules.Discounts.Domain\EventModular.Server.Modules.Discounts.Domain.csproj", "{378C2743-4062-4E7D-BE83-56E2946CBAB5}"
EndProject
Project("{2150E333-8FDC-42A3-9474-1A3956D46DE8}") = "Orders", "Orders", "{4821E9F7-0124-47A5-9B48-BAE566265E3A}"
EndProject
Project("{2150E333-8FDC-42A3-9474-1A3956D46DE8}") = "Payment", "Payment", "{F929EC9E-0B59-4310-AE9F-EEC9B862AB31}"
EndProject
Project("{2150E333-8FDC-42A3-9474-1A3956D46DE8}") = "Notifications", "Notifications", "{9C5FAF68-9AE9-4400-98DA-BD299EB0DEE4}"
EndProject
Project("{2150E333-8FDC-42A3-9474-1A3956D46DE8}") = "Tickets", "Tickets", "{D3CA96C8-57B5-4CC6-A811-28F060EA10EF}"
EndProject
Project("{FAE04EC0-301F-11D3-BF4B-00C04F79EFBC}") = "EventModular.Server.Modules.Discounts.Api", "src\Server\Modules\Discounts\EventModular.Server.Modules.Discounts.Api\EventModular.Server.Modules.Discounts.Api.csproj", "{971315C2-2176-4F23-8F3C-BA8A845F0017}"
EndProject
Project("{2150E333-8FDC-42A3-9474-1A3956D46DE8}") = "Courses", "Courses", "{957FDC42-C2EE-46D8-96A7-5DEE14DD6588}"
EndProject
Project("{2150E333-8FDC-42A3-9474-1A3956D46DE8}") = "TeamManagement", "TeamManagement", "{034F1934-F842-4078-A110-F2AC284786D6}"
EndProject
Project("{FAE04EC0-301F-11D3-BF4B-00C04F79EFBC}") = "EventModular.Server.Modules.Courses.Application", "src\Server\Modules\Courses\EventModular.Server.Modules.Courses.Application\EventModular.Server.Modules.Courses.Application.csproj", "{85F94A6C-0DC5-4B59-95F0-F994E1B492C1}"
EndProject
Project("{FAE04EC0-301F-11D3-BF4B-00C04F79EFBC}") = "EventModular.Server.Modules.Courses.Domain", "src\Server\Modules\Courses\EventModular.Server.Modules.Courses.Domain\EventModular.Server.Modules.Courses.Domain.csproj", "{BEA631B3-BEDE-4A18-9C72-350F20E446B4}"
EndProject
Project("{FAE04EC0-301F-11D3-BF4B-00C04F79EFBC}") = "EventModular.Server.Modules.Courses.Infrastructure", "src\Server\Modules\Courses\EventModular.Server.Modules.Courses.Infrastructure\EventModular.Server.Modules.Courses.Infrastructure.csproj", "{92A22365-F326-4A86-B755-BAFCD0BB8797}"
EndProject
Project("{FAE04EC0-301F-11D3-BF4B-00C04F79EFBC}") = "EventModular.Server.Modules.Courses.Api", "src\Server\Modules\Courses\EventModular.Server.Modules.Courses.Api\EventModular.Server.Modules.Courses.Api.csproj", "{EB8C638E-EFBA-3852-7C24-FBFB4555E5F0}"
EndProject
Project("{FAE04EC0-301F-11D3-BF4B-00C04F79EFBC}") = "EventModular.Server.Modules.TeamManagement.Api", "src\Server\Modules\TeamManagement\EventModular.Server.Modules.TeamManagement.Api\EventModular.Server.Modules.TeamManagement.Api.csproj", "{5DF6723B-9C37-44FC-BFCC-D1F886C8C8BD}"
EndProject
Project("{FAE04EC0-301F-11D3-BF4B-00C04F79EFBC}") = "EventModular.Server.Modules.TeamManagement.Application", "src\Server\Modules\TeamManagement\EventModular.Server.Modules.TeamManagement.Application\EventModular.Server.Modules.TeamManagement.Application.csproj", "{1E894F38-665D-4091-938C-5355DC03ADB9}"
EndProject
Project("{FAE04EC0-301F-11D3-BF4B-00C04F79EFBC}") = "EventModular.Server.Modules.TeamManagement.Infrastructure", "src\Server\Modules\TeamManagement\EventModular.Server.Modules.TeamManagement.Infrastructure\EventModular.Server.Modules.TeamManagement.Infrastructure.csproj", "{1F615062-BC40-4AE4-93A9-6EFD17B42FCA}"
EndProject
Project("{FAE04EC0-301F-11D3-BF4B-00C04F79EFBC}") = "EventModular.Server.Modules.TeamManagement.Domain", "src\Server\Modules\TeamManagement\EventModular.Server.Modules.TeamManagement.Domain\EventModular.Server.Modules.TeamManagement.Domain.csproj", "{CDE2D745-7933-46FF-A019-78D049ECD699}"
EndProject
Project("{FAE04EC0-301F-11D3-BF4B-00C04F79EFBC}") = "EventModular.Server.Modules.Tickets.Api", "src\Server\Modules\Tickets\EventModular.Server.Modules.Tickets.Api\EventModular.Server.Modules.Tickets.Api.csproj", "{F5C50F58-1588-448E-958F-54790504F34D}"
EndProject
Project("{FAE04EC0-301F-11D3-BF4B-00C04F79EFBC}") = "EventModular.Server.Modules.Tickets.Application", "src\Server\Modules\Tickets\EventModular.Server.Modules.Tickets.Application\EventModular.Server.Modules.Tickets.Application.csproj", "{F87F8DAC-F353-41D6-AD55-57707867157E}"
EndProject
Project("{FAE04EC0-301F-11D3-BF4B-00C04F79EFBC}") = "EventModular.Server.Modules.Tickets.Domain", "src\Server\Modules\Tickets\EventModular.Server.Modules.Tickets.Domain\EventModular.Server.Modules.Tickets.Domain.csproj", "{2823F2A8-7C14-44F5-97E2-27ED55CD830B}"
EndProject
Project("{FAE04EC0-301F-11D3-BF4B-00C04F79EFBC}") = "EventModular.Server.Modules.Tickets.Infrastructure", "src\Server\Modules\Tickets\EventModular.Server.Modules.Tickets.Infrastructure\EventModular.Server.Modules.Tickets.Infrastructure.csproj", "{2FA22020-105D-4926-A067-04369D7D0837}"
EndProject
Project("{FAE04EC0-301F-11D3-BF4B-00C04F79EFBC}") = "EventModular.Server.Modules.Notifications.Api", "src\Server\Modules\Notifications\EventModular.Server.Modules.Notifications.Api\EventModular.Server.Modules.Notifications.Api.csproj", "{F0BBEE5A-84A1-485C-BC75-96A777357064}"
EndProject
Project("{FAE04EC0-301F-11D3-BF4B-00C04F79EFBC}") = "EventModular.Server.Modules.Notifications.Application", "src\Server\Modules\Notifications\EventModular.Server.Modules.Notifications.Application\EventModular.Server.Modules.Notifications.Application.csproj", "{89C53079-BA1B-473A-BF9F-5682362996ED}"
EndProject
Project("{FAE04EC0-301F-11D3-BF4B-00C04F79EFBC}") = "EventModular.Server.Modules.Notifications.Domain", "src\Server\Modules\Notifications\EventModular.Server.Modules.Notifications.Domain\EventModular.Server.Modules.Notifications.Domain.csproj", "{C54A40BC-EE9F-411C-9FBC-CE64C71C5C25}"
EndProject
Project("{FAE04EC0-301F-11D3-BF4B-00C04F79EFBC}") = "EventModular.Server.Modules.Notifications.Infrastructure", "src\Server\Modules\Notifications\EventModular.Server.Modules.Notifications.Infrastructure\EventModular.Server.Modules.Notifications.Infrastructure.csproj", "{0DF4C538-03E1-45F6-93EF-659CF21A087F}"
EndProject
Global
	GlobalSection(SolutionConfigurationPlatforms) = preSolution
		Debug|Any CPU = Debug|Any CPU
		Release|Any CPU = Release|Any CPU
	EndGlobalSection
	GlobalSection(ProjectConfigurationPlatforms) = postSolution
		{C1CACA9D-8E95-5A02-3E37-37CE607581A3}.Debug|Any CPU.ActiveCfg = Debug|Any CPU
		{C1CACA9D-8E95-5A02-3E37-37CE607581A3}.Debug|Any CPU.Build.0 = Debug|Any CPU
		{C1CACA9D-8E95-5A02-3E37-37CE607581A3}.Release|Any CPU.ActiveCfg = Release|Any CPU
		{C1CACA9D-8E95-5A02-3E37-37CE607581A3}.Release|Any CPU.Build.0 = Release|Any CPU
		{8CC3E410-B716-4F4D-89C7-3392CA624439}.Debug|Any CPU.ActiveCfg = Debug|Any CPU
		{8CC3E410-B716-4F4D-89C7-3392CA624439}.Debug|Any CPU.Build.0 = Debug|Any CPU
		{8CC3E410-B716-4F4D-89C7-3392CA624439}.Release|Any CPU.ActiveCfg = Release|Any CPU
		{8CC3E410-B716-4F4D-89C7-3392CA624439}.Release|Any CPU.Build.0 = Release|Any CPU
		{AA97E5DE-1021-2739-ED90-9EDEEAEB5CA2}.Debug|Any CPU.ActiveCfg = Debug|Any CPU
		{AA97E5DE-1021-2739-ED90-9EDEEAEB5CA2}.Debug|Any CPU.Build.0 = Debug|Any CPU
		{AA97E5DE-1021-2739-ED90-9EDEEAEB5CA2}.Release|Any CPU.ActiveCfg = Release|Any CPU
		{AA97E5DE-1021-2739-ED90-9EDEEAEB5CA2}.Release|Any CPU.Build.0 = Release|Any CPU
		{26430D8C-32CB-4142-AC1A-33486A58DA01}.Debug|Any CPU.ActiveCfg = Debug|Any CPU
		{26430D8C-32CB-4142-AC1A-33486A58DA01}.Debug|Any CPU.Build.0 = Debug|Any CPU
		{26430D8C-32CB-4142-AC1A-33486A58DA01}.Release|Any CPU.ActiveCfg = Release|Any CPU
		{26430D8C-32CB-4142-AC1A-33486A58DA01}.Release|Any CPU.Build.0 = Release|Any CPU
		{FC60C68D-8E8D-494B-8D60-0C8D83A472E7}.Debug|Any CPU.ActiveCfg = Debug|Any CPU
		{FC60C68D-8E8D-494B-8D60-0C8D83A472E7}.Debug|Any CPU.Build.0 = Debug|Any CPU
		{FC60C68D-8E8D-494B-8D60-0C8D83A472E7}.Release|Any CPU.ActiveCfg = Release|Any CPU
		{FC60C68D-8E8D-494B-8D60-0C8D83A472E7}.Release|Any CPU.Build.0 = Release|Any CPU
		{13D6A40B-8B8B-41F0-AB62-3F5F1CB58A1B}.Debug|Any CPU.ActiveCfg = Debug|Any CPU
		{13D6A40B-8B8B-41F0-AB62-3F5F1CB58A1B}.Debug|Any CPU.Build.0 = Debug|Any CPU
		{13D6A40B-8B8B-41F0-AB62-3F5F1CB58A1B}.Release|Any CPU.ActiveCfg = Release|Any CPU
		{13D6A40B-8B8B-41F0-AB62-3F5F1CB58A1B}.Release|Any CPU.Build.0 = Release|Any CPU
		{22816913-64D5-4AE8-9B34-6F188B71FAD1}.Debug|Any CPU.ActiveCfg = Debug|Any CPU
		{22816913-64D5-4AE8-9B34-6F188B71FAD1}.Debug|Any CPU.Build.0 = Debug|Any CPU
		{22816913-64D5-4AE8-9B34-6F188B71FAD1}.Debug|Any CPU.Deploy.0 = Debug|Any CPU
		{22816913-64D5-4AE8-9B34-6F188B71FAD1}.Release|Any CPU.ActiveCfg = Release|Any CPU
		{22816913-64D5-4AE8-9B34-6F188B71FAD1}.Release|Any CPU.Build.0 = Release|Any CPU
		{22816913-64D5-4AE8-9B34-6F188B71FAD1}.Release|Any CPU.Deploy.0 = Release|Any CPU
		{E3CB3C34-F5DE-4A96-B552-7D52BCAD1E1F}.Debug|Any CPU.ActiveCfg = Debug|Any CPU
		{E3CB3C34-F5DE-4A96-B552-7D52BCAD1E1F}.Debug|Any CPU.Build.0 = Debug|Any CPU
		{E3CB3C34-F5DE-4A96-B552-7D52BCAD1E1F}.Release|Any CPU.ActiveCfg = Release|Any CPU
		{E3CB3C34-F5DE-4A96-B552-7D52BCAD1E1F}.Release|Any CPU.Build.0 = Release|Any CPU
		{3D93B170-BDCD-4890-92B3-F5ABE48F3D3A}.Debug|Any CPU.ActiveCfg = Debug|Any CPU
		{3D93B170-BDCD-4890-92B3-F5ABE48F3D3A}.Debug|Any CPU.Build.0 = Debug|Any CPU
		{3D93B170-BDCD-4890-92B3-F5ABE48F3D3A}.Release|Any CPU.ActiveCfg = Release|Any CPU
		{3D93B170-BDCD-4890-92B3-F5ABE48F3D3A}.Release|Any CPU.Build.0 = Release|Any CPU
		{47F82CD8-D6DA-4F03-9DD6-F67AF3621C93}.Debug|Any CPU.ActiveCfg = Debug|Any CPU
		{47F82CD8-D6DA-4F03-9DD6-F67AF3621C93}.Debug|Any CPU.Build.0 = Debug|Any CPU
		{47F82CD8-D6DA-4F03-9DD6-F67AF3621C93}.Release|Any CPU.ActiveCfg = Release|Any CPU
		{47F82CD8-D6DA-4F03-9DD6-F67AF3621C93}.Release|Any CPU.Build.0 = Release|Any CPU
		{28635DAD-69E5-4F8E-86B5-E8BE47160BD7}.Debug|Any CPU.ActiveCfg = Debug|Any CPU
		{28635DAD-69E5-4F8E-86B5-E8BE47160BD7}.Debug|Any CPU.Build.0 = Debug|Any CPU
		{28635DAD-69E5-4F8E-86B5-E8BE47160BD7}.Release|Any CPU.ActiveCfg = Release|Any CPU
		{28635DAD-69E5-4F8E-86B5-E8BE47160BD7}.Release|Any CPU.Build.0 = Release|Any CPU
		{98070050-2FDA-49C1-8FA8-0E74D264BCEC}.Debug|Any CPU.ActiveCfg = Debug|Any CPU
		{98070050-2FDA-49C1-8FA8-0E74D264BCEC}.Debug|Any CPU.Build.0 = Debug|Any CPU
		{98070050-2FDA-49C1-8FA8-0E74D264BCEC}.Release|Any CPU.ActiveCfg = Release|Any CPU
		{98070050-2FDA-49C1-8FA8-0E74D264BCEC}.Release|Any CPU.Build.0 = Release|Any CPU
		{E8BCB071-E22B-4532-9DC9-2E762DAD6585}.Debug|Any CPU.ActiveCfg = Debug|Any CPU
		{E8BCB071-E22B-4532-9DC9-2E762DAD6585}.Debug|Any CPU.Build.0 = Debug|Any CPU
		{E8BCB071-E22B-4532-9DC9-2E762DAD6585}.Release|Any CPU.ActiveCfg = Release|Any CPU
		{E8BCB071-E22B-4532-9DC9-2E762DAD6585}.Release|Any CPU.Build.0 = Release|Any CPU
		{ECFA61CD-84D8-4F15-828D-63CED7AF8190}.Debug|Any CPU.ActiveCfg = Debug|Any CPU
		{ECFA61CD-84D8-4F15-828D-63CED7AF8190}.Debug|Any CPU.Build.0 = Debug|Any CPU
		{ECFA61CD-84D8-4F15-828D-63CED7AF8190}.Release|Any CPU.ActiveCfg = Release|Any CPU
		{ECFA61CD-84D8-4F15-828D-63CED7AF8190}.Release|Any CPU.Build.0 = Release|Any CPU
		{166B315B-8EA5-4E66-A28C-A74BD2EB199A}.Debug|Any CPU.ActiveCfg = Debug|Any CPU
		{166B315B-8EA5-4E66-A28C-A74BD2EB199A}.Debug|Any CPU.Build.0 = Debug|Any CPU
		{166B315B-8EA5-4E66-A28C-A74BD2EB199A}.Release|Any CPU.ActiveCfg = Release|Any CPU
		{166B315B-8EA5-4E66-A28C-A74BD2EB199A}.Release|Any CPU.Build.0 = Release|Any CPU
		{0EBE492E-0454-4931-8314-048398E54EB5}.Debug|Any CPU.ActiveCfg = Debug|Any CPU
		{0EBE492E-0454-4931-8314-048398E54EB5}.Debug|Any CPU.Build.0 = Debug|Any CPU
		{0EBE492E-0454-4931-8314-048398E54EB5}.Release|Any CPU.ActiveCfg = Release|Any CPU
		{0EBE492E-0454-4931-8314-048398E54EB5}.Release|Any CPU.Build.0 = Release|Any CPU
		{0E08CE6F-8CF5-43D8-9F5A-E75F582CF88E}.Debug|Any CPU.ActiveCfg = Debug|Any CPU
		{0E08CE6F-8CF5-43D8-9F5A-E75F582CF88E}.Debug|Any CPU.Build.0 = Debug|Any CPU
		{0E08CE6F-8CF5-43D8-9F5A-E75F582CF88E}.Release|Any CPU.ActiveCfg = Release|Any CPU
		{0E08CE6F-8CF5-43D8-9F5A-E75F582CF88E}.Release|Any CPU.Build.0 = Release|Any CPU
		{8590D8E7-EAB9-4FB6-8190-A14E1B8F3F93}.Debug|Any CPU.ActiveCfg = Debug|Any CPU
		{8590D8E7-EAB9-4FB6-8190-A14E1B8F3F93}.Debug|Any CPU.Build.0 = Debug|Any CPU
		{8590D8E7-EAB9-4FB6-8190-A14E1B8F3F93}.Release|Any CPU.ActiveCfg = Release|Any CPU
		{8590D8E7-EAB9-4FB6-8190-A14E1B8F3F93}.Release|Any CPU.Build.0 = Release|Any CPU
		{1DC54346-1E9D-47E0-8BF6-64E4213304EE}.Debug|Any CPU.ActiveCfg = Debug|Any CPU
		{1DC54346-1E9D-47E0-8BF6-64E4213304EE}.Debug|Any CPU.Build.0 = Debug|Any CPU
		{1DC54346-1E9D-47E0-8BF6-64E4213304EE}.Release|Any CPU.ActiveCfg = Release|Any CPU
		{1DC54346-1E9D-47E0-8BF6-64E4213304EE}.Release|Any CPU.Build.0 = Release|Any CPU
		{053EB781-0B50-4705-AE72-75E732B8E4CC}.Debug|Any CPU.ActiveCfg = Debug|Any CPU
		{053EB781-0B50-4705-AE72-75E732B8E4CC}.Debug|Any CPU.Build.0 = Debug|Any CPU
		{053EB781-0B50-4705-AE72-75E732B8E4CC}.Release|Any CPU.ActiveCfg = Release|Any CPU
		{053EB781-0B50-4705-AE72-75E732B8E4CC}.Release|Any CPU.Build.0 = Release|Any CPU
		{B2F3E334-A9D5-4D67-AABE-4B509EA49306}.Debug|Any CPU.ActiveCfg = Debug|Any CPU
		{B2F3E334-A9D5-4D67-AABE-4B509EA49306}.Debug|Any CPU.Build.0 = Debug|Any CPU
		{B2F3E334-A9D5-4D67-AABE-4B509EA49306}.Release|Any CPU.ActiveCfg = Release|Any CPU
		{B2F3E334-A9D5-4D67-AABE-4B509EA49306}.Release|Any CPU.Build.0 = Release|Any CPU
		{1B48C0E1-9ADC-43CB-9585-DF2D3C76C23E}.Debug|Any CPU.ActiveCfg = Debug|Any CPU
		{1B48C0E1-9ADC-43CB-9585-DF2D3C76C23E}.Debug|Any CPU.Build.0 = Debug|Any CPU
		{1B48C0E1-9ADC-43CB-9585-DF2D3C76C23E}.Release|Any CPU.ActiveCfg = Release|Any CPU
		{1B48C0E1-9ADC-43CB-9585-DF2D3C76C23E}.Release|Any CPU.Build.0 = Release|Any CPU
		{C093F7A7-A3C9-4A43-9982-4CE7640DD2A1}.Debug|Any CPU.ActiveCfg = Debug|Any CPU
		{C093F7A7-A3C9-4A43-9982-4CE7640DD2A1}.Debug|Any CPU.Build.0 = Debug|Any CPU
		{C093F7A7-A3C9-4A43-9982-4CE7640DD2A1}.Release|Any CPU.ActiveCfg = Release|Any CPU
		{C093F7A7-A3C9-4A43-9982-4CE7640DD2A1}.Release|Any CPU.Build.0 = Release|Any CPU
		{881D1791-0745-43D7-A0E7-1D6A208C5ED2}.Debug|Any CPU.ActiveCfg = Debug|Any CPU
		{881D1791-0745-43D7-A0E7-1D6A208C5ED2}.Debug|Any CPU.Build.0 = Debug|Any CPU
		{881D1791-0745-43D7-A0E7-1D6A208C5ED2}.Release|Any CPU.ActiveCfg = Release|Any CPU
		{881D1791-0745-43D7-A0E7-1D6A208C5ED2}.Release|Any CPU.Build.0 = Release|Any CPU
		{1E990368-CAF0-4D8D-9D3B-D827624FC3E1}.Debug|Any CPU.ActiveCfg = Debug|Any CPU
		{1E990368-CAF0-4D8D-9D3B-D827624FC3E1}.Debug|Any CPU.Build.0 = Debug|Any CPU
		{1E990368-CAF0-4D8D-9D3B-D827624FC3E1}.Release|Any CPU.ActiveCfg = Release|Any CPU
		{1E990368-CAF0-4D8D-9D3B-D827624FC3E1}.Release|Any CPU.Build.0 = Release|Any CPU
		{7810D0A6-5150-4748-AE0D-67CC2CCCAAFB}.Debug|Any CPU.ActiveCfg = Debug|Any CPU
		{7810D0A6-5150-4748-AE0D-67CC2CCCAAFB}.Debug|Any CPU.Build.0 = Debug|Any CPU
		{7810D0A6-5150-4748-AE0D-67CC2CCCAAFB}.Release|Any CPU.ActiveCfg = Release|Any CPU
		{7810D0A6-5150-4748-AE0D-67CC2CCCAAFB}.Release|Any CPU.Build.0 = Release|Any CPU
		{9683FD5B-6A51-41EF-BF85-933BF535CDE4}.Debug|Any CPU.ActiveCfg = Debug|Any CPU
		{9683FD5B-6A51-41EF-BF85-933BF535CDE4}.Debug|Any CPU.Build.0 = Debug|Any CPU
		{9683FD5B-6A51-41EF-BF85-933BF535CDE4}.Release|Any CPU.ActiveCfg = Release|Any CPU
		{9683FD5B-6A51-41EF-BF85-933BF535CDE4}.Release|Any CPU.Build.0 = Release|Any CPU
		{B82E45D8-0117-4909-8E8E-012A0234CC86}.Debug|Any CPU.ActiveCfg = Debug|Any CPU
		{B82E45D8-0117-4909-8E8E-012A0234CC86}.Debug|Any CPU.Build.0 = Debug|Any CPU
		{B82E45D8-0117-4909-8E8E-012A0234CC86}.Release|Any CPU.ActiveCfg = Release|Any CPU
		{B82E45D8-0117-4909-8E8E-012A0234CC86}.Release|Any CPU.Build.0 = Release|Any CPU
		{497191B3-7E3C-40AF-9794-1F9EE57B6601}.Debug|Any CPU.ActiveCfg = Debug|Any CPU
		{497191B3-7E3C-40AF-9794-1F9EE57B6601}.Debug|Any CPU.Build.0 = Debug|Any CPU
		{497191B3-7E3C-40AF-9794-1F9EE57B6601}.Release|Any CPU.ActiveCfg = Release|Any CPU
		{497191B3-7E3C-40AF-9794-1F9EE57B6601}.Release|Any CPU.Build.0 = Release|Any CPU
		{A3F118FB-66ED-468F-9B71-C86069085B4D}.Debug|Any CPU.ActiveCfg = Debug|Any CPU
		{A3F118FB-66ED-468F-9B71-C86069085B4D}.Debug|Any CPU.Build.0 = Debug|Any CPU
		{A3F118FB-66ED-468F-9B71-C86069085B4D}.Release|Any CPU.ActiveCfg = Release|Any CPU
		{A3F118FB-66ED-468F-9B71-C86069085B4D}.Release|Any CPU.Build.0 = Release|Any CPU
		{6A6C70E9-259D-49A5-9022-BB361CFC9E6E}.Debug|Any CPU.ActiveCfg = Debug|Any CPU
		{6A6C70E9-259D-49A5-9022-BB361CFC9E6E}.Debug|Any CPU.Build.0 = Debug|Any CPU
		{6A6C70E9-259D-49A5-9022-BB361CFC9E6E}.Release|Any CPU.ActiveCfg = Release|Any CPU
		{6A6C70E9-259D-49A5-9022-BB361CFC9E6E}.Release|Any CPU.Build.0 = Release|Any CPU
		{10B75F42-C1D1-4EC3-BFF7-163E82B9D6A0}.Debug|Any CPU.ActiveCfg = Debug|Any CPU
		{10B75F42-C1D1-4EC3-BFF7-163E82B9D6A0}.Debug|Any CPU.Build.0 = Debug|Any CPU
		{10B75F42-C1D1-4EC3-BFF7-163E82B9D6A0}.Release|Any CPU.ActiveCfg = Release|Any CPU
		{10B75F42-C1D1-4EC3-BFF7-163E82B9D6A0}.Release|Any CPU.Build.0 = Release|Any CPU
		{DE33D9DF-0BAE-416D-880A-3E24B508F9BA}.Debug|Any CPU.ActiveCfg = Debug|Any CPU
		{DE33D9DF-0BAE-416D-880A-3E24B508F9BA}.Debug|Any CPU.Build.0 = Debug|Any CPU
		{DE33D9DF-0BAE-416D-880A-3E24B508F9BA}.Release|Any CPU.ActiveCfg = Release|Any CPU
		{DE33D9DF-0BAE-416D-880A-3E24B508F9BA}.Release|Any CPU.Build.0 = Release|Any CPU
		{72094B0C-338C-48A1-A34D-D0C449285A70}.Debug|Any CPU.ActiveCfg = Debug|Any CPU
		{72094B0C-338C-48A1-A34D-D0C449285A70}.Debug|Any CPU.Build.0 = Debug|Any CPU
		{72094B0C-338C-48A1-A34D-D0C449285A70}.Release|Any CPU.ActiveCfg = Release|Any CPU
		{72094B0C-338C-48A1-A34D-D0C449285A70}.Release|Any CPU.Build.0 = Release|Any CPU
		{7F498493-BFC8-4458-B0BF-766F01C73FBD}.Debug|Any CPU.ActiveCfg = Debug|Any CPU
		{7F498493-BFC8-4458-B0BF-766F01C73FBD}.Debug|Any CPU.Build.0 = Debug|Any CPU
		{7F498493-BFC8-4458-B0BF-766F01C73FBD}.Release|Any CPU.ActiveCfg = Release|Any CPU
		{7F498493-BFC8-4458-B0BF-766F01C73FBD}.Release|Any CPU.Build.0 = Release|Any CPU
		{1D6647BE-B69A-4A76-B344-C8A084BA49C7}.Debug|Any CPU.ActiveCfg = Debug|Any CPU
		{1D6647BE-B69A-4A76-B344-C8A084BA49C7}.Debug|Any CPU.Build.0 = Debug|Any CPU
		{1D6647BE-B69A-4A76-B344-C8A084BA49C7}.Release|Any CPU.ActiveCfg = Release|Any CPU
		{1D6647BE-B69A-4A76-B344-C8A084BA49C7}.Release|Any CPU.Build.0 = Release|Any CPU
		{646BB011-E984-4FBB-AAEF-E97C6EDC1DF4}.Debug|Any CPU.ActiveCfg = Debug|Any CPU
		{646BB011-E984-4FBB-AAEF-E97C6EDC1DF4}.Debug|Any CPU.Build.0 = Debug|Any CPU
		{646BB011-E984-4FBB-AAEF-E97C6EDC1DF4}.Release|Any CPU.ActiveCfg = Release|Any CPU
		{646BB011-E984-4FBB-AAEF-E97C6EDC1DF4}.Release|Any CPU.Build.0 = Release|Any CPU
		{BF1A46B3-BC7F-46D8-995A-BB473B53634D}.Debug|Any CPU.ActiveCfg = Debug|Any CPU
		{BF1A46B3-BC7F-46D8-995A-BB473B53634D}.Debug|Any CPU.Build.0 = Debug|Any CPU
		{BF1A46B3-BC7F-46D8-995A-BB473B53634D}.Release|Any CPU.ActiveCfg = Release|Any CPU
		{BF1A46B3-BC7F-46D8-995A-BB473B53634D}.Release|Any CPU.Build.0 = Release|Any CPU
		{9033D299-462C-4BD1-BCAD-66DA7E77B1F4}.Debug|Any CPU.ActiveCfg = Debug|Any CPU
		{9033D299-462C-4BD1-BCAD-66DA7E77B1F4}.Debug|Any CPU.Build.0 = Debug|Any CPU
		{9033D299-462C-4BD1-BCAD-66DA7E77B1F4}.Release|Any CPU.ActiveCfg = Release|Any CPU
		{9033D299-462C-4BD1-BCAD-66DA7E77B1F4}.Release|Any CPU.Build.0 = Release|Any CPU
		{A715D50E-5FA4-45A6-88AF-0B1D9DB4F450}.Debug|Any CPU.ActiveCfg = Debug|Any CPU
		{A715D50E-5FA4-45A6-88AF-0B1D9DB4F450}.Debug|Any CPU.Build.0 = Debug|Any CPU
		{A715D50E-5FA4-45A6-88AF-0B1D9DB4F450}.Release|Any CPU.ActiveCfg = Release|Any CPU
		{A715D50E-5FA4-45A6-88AF-0B1D9DB4F450}.Release|Any CPU.Build.0 = Release|Any CPU
		{378C2743-4062-4E7D-BE83-56E2946CBAB5}.Debug|Any CPU.ActiveCfg = Debug|Any CPU
		{378C2743-4062-4E7D-BE83-56E2946CBAB5}.Debug|Any CPU.Build.0 = Debug|Any CPU
		{378C2743-4062-4E7D-BE83-56E2946CBAB5}.Release|Any CPU.ActiveCfg = Release|Any CPU
		{378C2743-4062-4E7D-BE83-56E2946CBAB5}.Release|Any CPU.Build.0 = Release|Any CPU
		{971315C2-2176-4F23-8F3C-BA8A845F0017}.Debug|Any CPU.ActiveCfg = Debug|Any CPU
		{971315C2-2176-4F23-8F3C-BA8A845F0017}.Debug|Any CPU.Build.0 = Debug|Any CPU
		{971315C2-2176-4F23-8F3C-BA8A845F0017}.Release|Any CPU.ActiveCfg = Release|Any CPU
		{971315C2-2176-4F23-8F3C-BA8A845F0017}.Release|Any CPU.Build.0 = Release|Any CPU
		{85F94A6C-0DC5-4B59-95F0-F994E1B492C1}.Debug|Any CPU.ActiveCfg = Debug|Any CPU
		{85F94A6C-0DC5-4B59-95F0-F994E1B492C1}.Debug|Any CPU.Build.0 = Debug|Any CPU
		{85F94A6C-0DC5-4B59-95F0-F994E1B492C1}.Release|Any CPU.ActiveCfg = Release|Any CPU
		{85F94A6C-0DC5-4B59-95F0-F994E1B492C1}.Release|Any CPU.Build.0 = Release|Any CPU
		{BEA631B3-BEDE-4A18-9C72-350F20E446B4}.Debug|Any CPU.ActiveCfg = Debug|Any CPU
		{BEA631B3-BEDE-4A18-9C72-350F20E446B4}.Debug|Any CPU.Build.0 = Debug|Any CPU
		{BEA631B3-BEDE-4A18-9C72-350F20E446B4}.Release|Any CPU.ActiveCfg = Release|Any CPU
		{BEA631B3-BEDE-4A18-9C72-350F20E446B4}.Release|Any CPU.Build.0 = Release|Any CPU
		{92A22365-F326-4A86-B755-BAFCD0BB8797}.Debug|Any CPU.ActiveCfg = Debug|Any CPU
		{92A22365-F326-4A86-B755-BAFCD0BB8797}.Debug|Any CPU.Build.0 = Debug|Any CPU
		{92A22365-F326-4A86-B755-BAFCD0BB8797}.Release|Any CPU.ActiveCfg = Release|Any CPU
		{92A22365-F326-4A86-B755-BAFCD0BB8797}.Release|Any CPU.Build.0 = Release|Any CPU
		{EB8C638E-EFBA-3852-7C24-FBFB4555E5F0}.Debug|Any CPU.ActiveCfg = Debug|Any CPU
		{EB8C638E-EFBA-3852-7C24-FBFB4555E5F0}.Debug|Any CPU.Build.0 = Debug|Any CPU
		{EB8C638E-EFBA-3852-7C24-FBFB4555E5F0}.Release|Any CPU.ActiveCfg = Release|Any CPU
		{EB8C638E-EFBA-3852-7C24-FBFB4555E5F0}.Release|Any CPU.Build.0 = Release|Any CPU
		{5DF6723B-9C37-44FC-BFCC-D1F886C8C8BD}.Debug|Any CPU.ActiveCfg = Debug|Any CPU
		{5DF6723B-9C37-44FC-BFCC-D1F886C8C8BD}.Debug|Any CPU.Build.0 = Debug|Any CPU
		{5DF6723B-9C37-44FC-BFCC-D1F886C8C8BD}.Release|Any CPU.ActiveCfg = Release|Any CPU
		{5DF6723B-9C37-44FC-BFCC-D1F886C8C8BD}.Release|Any CPU.Build.0 = Release|Any CPU
		{1E894F38-665D-4091-938C-5355DC03ADB9}.Debug|Any CPU.ActiveCfg = Debug|Any CPU
		{1E894F38-665D-4091-938C-5355DC03ADB9}.Debug|Any CPU.Build.0 = Debug|Any CPU
		{1E894F38-665D-4091-938C-5355DC03ADB9}.Release|Any CPU.ActiveCfg = Release|Any CPU
		{1E894F38-665D-4091-938C-5355DC03ADB9}.Release|Any CPU.Build.0 = Release|Any CPU
		{1F615062-BC40-4AE4-93A9-6EFD17B42FCA}.Debug|Any CPU.ActiveCfg = Debug|Any CPU
		{1F615062-BC40-4AE4-93A9-6EFD17B42FCA}.Debug|Any CPU.Build.0 = Debug|Any CPU
		{1F615062-BC40-4AE4-93A9-6EFD17B42FCA}.Release|Any CPU.ActiveCfg = Release|Any CPU
		{1F615062-BC40-4AE4-93A9-6EFD17B42FCA}.Release|Any CPU.Build.0 = Release|Any CPU
		{CDE2D745-7933-46FF-A019-78D049ECD699}.Debug|Any CPU.ActiveCfg = Debug|Any CPU
		{CDE2D745-7933-46FF-A019-78D049ECD699}.Debug|Any CPU.Build.0 = Debug|Any CPU
		{CDE2D745-7933-46FF-A019-78D049ECD699}.Release|Any CPU.ActiveCfg = Release|Any CPU
		{CDE2D745-7933-46FF-A019-78D049ECD699}.Release|Any CPU.Build.0 = Release|Any CPU
		{F5C50F58-1588-448E-958F-54790504F34D}.Debug|Any CPU.ActiveCfg = Debug|Any CPU
		{F5C50F58-1588-448E-958F-54790504F34D}.Debug|Any CPU.Build.0 = Debug|Any CPU
		{F5C50F58-1588-448E-958F-54790504F34D}.Release|Any CPU.ActiveCfg = Release|Any CPU
		{F5C50F58-1588-448E-958F-54790504F34D}.Release|Any CPU.Build.0 = Release|Any CPU
		{F87F8DAC-F353-41D6-AD55-57707867157E}.Debug|Any CPU.ActiveCfg = Debug|Any CPU
		{F87F8DAC-F353-41D6-AD55-57707867157E}.Debug|Any CPU.Build.0 = Debug|Any CPU
		{F87F8DAC-F353-41D6-AD55-57707867157E}.Release|Any CPU.ActiveCfg = Release|Any CPU
		{F87F8DAC-F353-41D6-AD55-57707867157E}.Release|Any CPU.Build.0 = Release|Any CPU
		{2823F2A8-7C14-44F5-97E2-27ED55CD830B}.Debug|Any CPU.ActiveCfg = Debug|Any CPU
		{2823F2A8-7C14-44F5-97E2-27ED55CD830B}.Debug|Any CPU.Build.0 = Debug|Any CPU
		{2823F2A8-7C14-44F5-97E2-27ED55CD830B}.Release|Any CPU.ActiveCfg = Release|Any CPU
		{2823F2A8-7C14-44F5-97E2-27ED55CD830B}.Release|Any CPU.Build.0 = Release|Any CPU
		{2FA22020-105D-4926-A067-04369D7D0837}.Debug|Any CPU.ActiveCfg = Debug|Any CPU
		{2FA22020-105D-4926-A067-04369D7D0837}.Debug|Any CPU.Build.0 = Debug|Any CPU
		{2FA22020-105D-4926-A067-04369D7D0837}.Release|Any CPU.ActiveCfg = Release|Any CPU
		{2FA22020-105D-4926-A067-04369D7D0837}.Release|Any CPU.Build.0 = Release|Any CPU
		{F0BBEE5A-84A1-485C-BC75-96A777357064}.Debug|Any CPU.ActiveCfg = Debug|Any CPU
		{F0BBEE5A-84A1-485C-BC75-96A777357064}.Debug|Any CPU.Build.0 = Debug|Any CPU
		{F0BBEE5A-84A1-485C-BC75-96A777357064}.Release|Any CPU.ActiveCfg = Release|Any CPU
		{F0BBEE5A-84A1-485C-BC75-96A777357064}.Release|Any CPU.Build.0 = Release|Any CPU
		{89C53079-BA1B-473A-BF9F-5682362996ED}.Debug|Any CPU.ActiveCfg = Debug|Any CPU
		{89C53079-BA1B-473A-BF9F-5682362996ED}.Debug|Any CPU.Build.0 = Debug|Any CPU
		{89C53079-BA1B-473A-BF9F-5682362996ED}.Release|Any CPU.ActiveCfg = Release|Any CPU
		{89C53079-BA1B-473A-BF9F-5682362996ED}.Release|Any CPU.Build.0 = Release|Any CPU
		{C54A40BC-EE9F-411C-9FBC-CE64C71C5C25}.Debug|Any CPU.ActiveCfg = Debug|Any CPU
		{C54A40BC-EE9F-411C-9FBC-CE64C71C5C25}.Debug|Any CPU.Build.0 = Debug|Any CPU
		{C54A40BC-EE9F-411C-9FBC-CE64C71C5C25}.Release|Any CPU.ActiveCfg = Release|Any CPU
		{C54A40BC-EE9F-411C-9FBC-CE64C71C5C25}.Release|Any CPU.Build.0 = Release|Any CPU
		{0DF4C538-03E1-45F6-93EF-659CF21A087F}.Debug|Any CPU.ActiveCfg = Debug|Any CPU
		{0DF4C538-03E1-45F6-93EF-659CF21A087F}.Debug|Any CPU.Build.0 = Debug|Any CPU
		{0DF4C538-03E1-45F6-93EF-659CF21A087F}.Release|Any CPU.ActiveCfg = Release|Any CPU
		{0DF4C538-03E1-45F6-93EF-659CF21A087F}.Release|Any CPU.Build.0 = Release|Any CPU
	EndGlobalSection
	GlobalSection(SolutionProperties) = preSolution
		HideSolutionNode = FALSE
	EndGlobalSection
	GlobalSection(NestedProjects) = preSolution
		{C1CACA9D-8E95-5A02-3E37-37CE607581A3} = {723683EA-193C-45FD-A64D-7830A2867E4F}
		{8CC3E410-B716-4F4D-89C7-3392CA624439} = {723683EA-193C-45FD-A64D-7830A2867E4F}
		{AA97E5DE-1021-2739-ED90-9EDEEAEB5CA2} = {723683EA-193C-45FD-A64D-7830A2867E4F}
		{26430D8C-32CB-4142-AC1A-33486A58DA01} = {EAB56593-7B10-4CC4-A3B8-E62ACDD1E6DD}
		{FC60C68D-8E8D-494B-8D60-0C8D83A472E7} = {248D8229-BABD-4F0A-A9C6-0417B464507B}
		{13D6A40B-8B8B-41F0-AB62-3F5F1CB58A1B} = {248D8229-BABD-4F0A-A9C6-0417B464507B}
		{22816913-64D5-4AE8-9B34-6F188B71FAD1} = {248D8229-BABD-4F0A-A9C6-0417B464507B}
		{3E577755-186F-4E63-8153-B8DE890015C9} = {5CF43F76-BB71-4B5B-B4DF-1C753E042A8F}
		{2347E3B2-FDDE-427E-A0AE-E4DCD47C2989} = {3E577755-186F-4E63-8153-B8DE890015C9}
		{E3CB3C34-F5DE-4A96-B552-7D52BCAD1E1F} = {248D8229-BABD-4F0A-A9C6-0417B464507B}
		{3D93B170-BDCD-4890-92B3-F5ABE48F3D3A} = {723683EA-193C-45FD-A64D-7830A2867E4F}
		{47F82CD8-D6DA-4F03-9DD6-F67AF3621C93} = {B38FF18E-11BC-4AF6-8FA3-648B3952DCAF}
		{02EA681E-C7D8-13C7-8484-4AC65E1B71E8} = {723683EA-193C-45FD-A64D-7830A2867E4F}
		{186655F1-521C-4096-8485-809083826AB8} = {02EA681E-C7D8-13C7-8484-4AC65E1B71E8}
		{28635DAD-69E5-4F8E-86B5-E8BE47160BD7} = {186655F1-521C-4096-8485-809083826AB8}
		{98070050-2FDA-49C1-8FA8-0E74D264BCEC} = {186655F1-521C-4096-8485-809083826AB8}
		{E8BCB071-E22B-4532-9DC9-2E762DAD6585} = {186655F1-521C-4096-8485-809083826AB8}
		{ECFA61CD-84D8-4F15-828D-63CED7AF8190} = {186655F1-521C-4096-8485-809083826AB8}
		{E08DE4A0-3AA1-44C3-96E8-396ED27A349B} = {02EA681E-C7D8-13C7-8484-4AC65E1B71E8}
		{166B315B-8EA5-4E66-A28C-A74BD2EB199A} = {E08DE4A0-3AA1-44C3-96E8-396ED27A349B}
		{0EBE492E-0454-4931-8314-048398E54EB5} = {E08DE4A0-3AA1-44C3-96E8-396ED27A349B}
		{0E08CE6F-8CF5-43D8-9F5A-E75F582CF88E} = {E08DE4A0-3AA1-44C3-96E8-396ED27A349B}
		{8590D8E7-EAB9-4FB6-8190-A14E1B8F3F93} = {E08DE4A0-3AA1-44C3-96E8-396ED27A349B}
		{CCD4CA6A-5539-49E4-9497-28979EED28E6} = {02EA681E-C7D8-13C7-8484-4AC65E1B71E8}
		{1DC54346-1E9D-47E0-8BF6-64E4213304EE} = {CCD4CA6A-5539-49E4-9497-28979EED28E6}
		{053EB781-0B50-4705-AE72-75E732B8E4CC} = {CCD4CA6A-5539-49E4-9497-28979EED28E6}
		{B2F3E334-A9D5-4D67-AABE-4B509EA49306} = {CCD4CA6A-5539-49E4-9497-28979EED28E6}
		{1B48C0E1-9ADC-43CB-9585-DF2D3C76C23E} = {CCD4CA6A-5539-49E4-9497-28979EED28E6}
		{BA682588-BF2D-4443-9784-788EFBCDDDE3} = {02EA681E-C7D8-13C7-8484-4AC65E1B71E8}
		{C093F7A7-A3C9-4A43-9982-4CE7640DD2A1} = {BA682588-BF2D-4443-9784-788EFBCDDDE3}
		{881D1791-0745-43D7-A0E7-1D6A208C5ED2} = {BA682588-BF2D-4443-9784-788EFBCDDDE3}
		{1E990368-CAF0-4D8D-9D3B-D827624FC3E1} = {BA682588-BF2D-4443-9784-788EFBCDDDE3}
		{7810D0A6-5150-4748-AE0D-67CC2CCCAAFB} = {BA682588-BF2D-4443-9784-788EFBCDDDE3}
		{73D36295-DCF3-4648-8DB0-E7D565C04C66} = {02EA681E-C7D8-13C7-8484-4AC65E1B71E8}
		{9683FD5B-6A51-41EF-BF85-933BF535CDE4} = {73D36295-DCF3-4648-8DB0-E7D565C04C66}
		{B82E45D8-0117-4909-8E8E-012A0234CC86} = {73D36295-DCF3-4648-8DB0-E7D565C04C66}
		{497191B3-7E3C-40AF-9794-1F9EE57B6601} = {73D36295-DCF3-4648-8DB0-E7D565C04C66}
		{A3F118FB-66ED-468F-9B71-C86069085B4D} = {73D36295-DCF3-4648-8DB0-E7D565C04C66}
		{4873B21D-1FFB-4277-95F3-2D9587AC0D73} = {02EA681E-C7D8-13C7-8484-4AC65E1B71E8}
		{6A6C70E9-259D-49A5-9022-BB361CFC9E6E} = {4873B21D-1FFB-4277-95F3-2D9587AC0D73}
		{10B75F42-C1D1-4EC3-BFF7-163E82B9D6A0} = {4873B21D-1FFB-4277-95F3-2D9587AC0D73}
		{DE33D9DF-0BAE-416D-880A-3E24B508F9BA} = {4873B21D-1FFB-4277-95F3-2D9587AC0D73}
		{72094B0C-338C-48A1-A34D-D0C449285A70} = {4873B21D-1FFB-4277-95F3-2D9587AC0D73}
		{CA46E21B-E90E-4AFB-B815-EEDEA977001D} = {02EA681E-C7D8-13C7-8484-4AC65E1B71E8}
		{7F498493-BFC8-4458-B0BF-766F01C73FBD} = {CA46E21B-E90E-4AFB-B815-EEDEA977001D}
		{1D6647BE-B69A-4A76-B344-C8A084BA49C7} = {CA46E21B-E90E-4AFB-B815-EEDEA977001D}
		{646BB011-E984-4FBB-AAEF-E97C6EDC1DF4} = {CA46E21B-E90E-4AFB-B815-EEDEA977001D}
		{BF1A46B3-BC7F-46D8-995A-BB473B53634D} = {CA46E21B-E90E-4AFB-B815-EEDEA977001D}
		{B6B12B7E-6BE9-4B3C-85FF-7E36E86FE20A} = {02EA681E-C7D8-13C7-8484-4AC65E1B71E8}
		{9033D299-462C-4BD1-BCAD-66DA7E77B1F4} = {B6B12B7E-6BE9-4B3C-85FF-7E36E86FE20A}
		{A715D50E-5FA4-45A6-88AF-0B1D9DB4F450} = {B6B12B7E-6BE9-4B3C-85FF-7E36E86FE20A}
		{378C2743-4062-4E7D-BE83-56E2946CBAB5} = {B6B12B7E-6BE9-4B3C-85FF-7E36E86FE20A}
		{4821E9F7-0124-47A5-9B48-BAE566265E3A} = {02EA681E-C7D8-13C7-8484-4AC65E1B71E8}
		{F929EC9E-0B59-4310-AE9F-EEC9B862AB31} = {02EA681E-C7D8-13C7-8484-4AC65E1B71E8}
		{9C5FAF68-9AE9-4400-98DA-BD299EB0DEE4} = {02EA681E-C7D8-13C7-8484-4AC65E1B71E8}
		{D3CA96C8-57B5-4CC6-A811-28F060EA10EF} = {02EA681E-C7D8-13C7-8484-4AC65E1B71E8}
		{971315C2-2176-4F23-8F3C-BA8A845F0017} = {B6B12B7E-6BE9-4B3C-85FF-7E36E86FE20A}
		{957FDC42-C2EE-46D8-96A7-5DEE14DD6588} = {02EA681E-C7D8-13C7-8484-4AC65E1B71E8}
		{034F1934-F842-4078-A110-F2AC284786D6} = {02EA681E-C7D8-13C7-8484-4AC65E1B71E8}
		{85F94A6C-0DC5-4B59-95F0-F994E1B492C1} = {957FDC42-C2EE-46D8-96A7-5DEE14DD6588}
		{BEA631B3-BEDE-4A18-9C72-350F20E446B4} = {957FDC42-C2EE-46D8-96A7-5DEE14DD6588}
		{92A22365-F326-4A86-B755-BAFCD0BB8797} = {957FDC42-C2EE-46D8-96A7-5DEE14DD6588}
		{EB8C638E-EFBA-3852-7C24-FBFB4555E5F0} = {957FDC42-C2EE-46D8-96A7-5DEE14DD6588}
		{5DF6723B-9C37-44FC-BFCC-D1F886C8C8BD} = {034F1934-F842-4078-A110-F2AC284786D6}
		{1E894F38-665D-4091-938C-5355DC03ADB9} = {034F1934-F842-4078-A110-F2AC284786D6}
		{1F615062-BC40-4AE4-93A9-6EFD17B42FCA} = {034F1934-F842-4078-A110-F2AC284786D6}
		{CDE2D745-7933-46FF-A019-78D049ECD699} = {034F1934-F842-4078-A110-F2AC284786D6}
		{F5C50F58-1588-448E-958F-54790504F34D} = {D3CA96C8-57B5-4CC6-A811-28F060EA10EF}
		{F87F8DAC-F353-41D6-AD55-57707867157E} = {D3CA96C8-57B5-4CC6-A811-28F060EA10EF}
		{2823F2A8-7C14-44F5-97E2-27ED55CD830B} = {D3CA96C8-57B5-4CC6-A811-28F060EA10EF}
		{2FA22020-105D-4926-A067-04369D7D0837} = {D3CA96C8-57B5-4CC6-A811-28F060EA10EF}
		{F0BBEE5A-84A1-485C-BC75-96A777357064} = {9C5FAF68-9AE9-4400-98DA-BD299EB0DEE4}
		{89C53079-BA1B-473A-BF9F-5682362996ED} = {9C5FAF68-9AE9-4400-98DA-BD299EB0DEE4}
		{C54A40BC-EE9F-411C-9FBC-CE64C71C5C25} = {9C5FAF68-9AE9-4400-98DA-BD299EB0DEE4}
		{0DF4C538-03E1-45F6-93EF-659CF21A087F} = {9C5FAF68-9AE9-4400-98DA-BD299EB0DEE4}
	EndGlobalSection
	GlobalSection(ExtensibilityGlobals) = postSolution
		RESX_NeutralResourcesLanguage = en-US
		RESX_CodeReferences = {"Items":[{"Expression":"\\W($File.$Key)\\W","Extensions":".cs,.xaml,.cshtml,.razor","IsCaseSensitive":true,"SingleLineComment":"\/\/"},{"Expression":"\\W($File.$Key)\\W","Extensions":".vbhtml","IsCaseSensitive":false,"SingleLineComment":null},{"Expression":"ResourceManager.GetString\\(\"($Key)\"\\)","Extensions":".cs","IsCaseSensitive":true,"SingleLineComment":"\/\/"},{"Expression":"typeof\\((\\w+\\.)*($File)\\).+\"($Key)\"|\"($Key)\".+typeof\\((\\w+\\.)*($File)\\)","Extensions":".cs","IsCaseSensitive":true,"SingleLineComment":"\/\/"},{"Expression":"\\W($Key)\\W","Extensions":".vb","IsCaseSensitive":false,"SingleLineComment":"'"},{"Expression":"\\W($File::$Key)\\W","Extensions":".cpp,.c,.hxx,.h","IsCaseSensitive":true,"SingleLineComment":"\/\/"},{"Expression":"&lt;%\\$\\s+Resources:\\s*($File)\\s*,\\s*($Key)\\s*%&gt;","Extensions":".aspx,.ascx,.master","IsCaseSensitive":true,"SingleLineComment":null},{"Expression":"StringResourceKey\\.($Key)","Extensions":".cs","IsCaseSensitive":true,"SingleLineComment":"\/\/"},{"Expression":"\\.($Key)","Extensions":".ts,.html","IsCaseSensitive":true,"SingleLineComment":"\/\/"}]}
		SolutionGuid = {61F7FB11-1E47-470C-91E2-47F8143E1572}
	EndGlobalSection
EndGlobal
